
Microsoft Visual Studio Solution File, Format Version 12.00
# Visual Studio 15
VisualStudioVersion = 15.0.28307.1000
MinimumVisualStudioVersion = 10.0.40219.1
Project("{FAE04EC0-301F-11D3-BF4B-00C04F79EFBC}") = "ObjetoRemoto", "ObjetoRemoto\ObjetoRemoto.csproj", "{F2FAD256-2831-4B43-840C-C3A9C47376E0}"
EndProject
Project("{FAE04EC0-301F-11D3-BF4B-00C04F79EFBC}") = "Cliente", "Cliente\Cliente.csproj", "{D768EF64-CABE-49AD-8578-5A0E15DFB9F9}"
EndProject
Global
	GlobalSection(SolutionConfigurationPlatforms) = preSolution
		Debug|Any CPU = Debug|Any CPU
		Debug|Mixed Platforms = Debug|Mixed Platforms
		Debug|x86 = Debug|x86
		Release|Any CPU = Release|Any CPU
		Release|Mixed Platforms = Release|Mixed Platforms
		Release|x86 = Release|x86
	EndGlobalSection
	GlobalSection(ProjectConfigurationPlatforms) = postSolution
		{F2FAD256-2831-4B43-840C-C3A9C47376E0}.Debug|Any CPU.ActiveCfg = Debug|Any CPU
		{F2FAD256-2831-4B43-840C-C3A9C47376E0}.Debug|Any CPU.Build.0 = Debug|Any CPU
		{F2FAD256-2831-4B43-840C-C3A9C47376E0}.Debug|Mixed Platforms.ActiveCfg = Debug|Any CPU
		{F2FAD256-2831-4B43-840C-C3A9C47376E0}.Debug|Mixed Platforms.Build.0 = Debug|Any CPU
		{F2FAD256-2831-4B43-840C-C3A9C47376E0}.Debug|x86.ActiveCfg = Debug|Any CPU
		{F2FAD256-2831-4B43-840C-C3A9C47376E0}.Release|Any CPU.ActiveCfg = Release|Any CPU
		{F2FAD256-2831-4B43-840C-C3A9C47376E0}.Release|Any CPU.Build.0 = Release|Any CPU
		{F2FAD256-2831-4B43-840C-C3A9C47376E0}.Release|Mixed Platforms.ActiveCfg = Release|Any CPU
		{F2FAD256-2831-4B43-840C-C3A9C47376E0}.Release|Mixed Platforms.Build.0 = Release|Any CPU
		{F2FAD256-2831-4B43-840C-C3A9C47376E0}.Release|x86.ActiveCfg = Release|Any CPU
		{D768EF64-CABE-49AD-8578-5A0E15DFB9F9}.Debug|Any CPU.ActiveCfg = Debug|x86
		{D768EF64-CABE-49AD-8578-5A0E15DFB9F9}.Debug|Mixed Platforms.ActiveCfg = Debug|x86
		{D768EF64-CABE-49AD-8578-5A0E15DFB9F9}.Debug|Mixed Platforms.Build.0 = Debug|x86
		{D768EF64-CABE-49AD-8578-5A0E15DFB9F9}.Debug|x86.ActiveCfg = Debug|x86
		{D768EF64-CABE-49AD-8578-5A0E15DFB9F9}.Debug|x86.Build.0 = Debug|x86
		{D768EF64-CABE-49AD-8578-5A0E15DFB9F9}.Release|Any CPU.ActiveCfg = Release|x86
		{D768EF64-CABE-49AD-8578-5A0E15DFB9F9}.Release|Mixed Platforms.ActiveCfg = Release|x86
		{D768EF64-CABE-49AD-8578-5A0E15DFB9F9}.Release|Mixed Platforms.Build.0 = Release|x86
		{D768EF64-CABE-49AD-8578-5A0E15DFB9F9}.Release|x86.ActiveCfg = Release|x86
		{D768EF64-CABE-49AD-8578-5A0E15DFB9F9}.Release|x86.Build.0 = Release|x86
	EndGlobalSection
	GlobalSection(SolutionProperties) = preSolution
		HideSolutionNode = FALSE
	EndGlobalSection
	GlobalSection(ExtensibilityGlobals) = postSolution
		SolutionGuid = {69A129DA-388A-45D1-8259-C3491EFD5076}
	EndGlobalSection
EndGlobal
